<?xml version="1.0" encoding="utf-8"?>
<Project ToolsVersion="4.0" xmlns="http://schemas.microsoft.com/developer/msbuild/2003">
  <ItemGroup>
    <Filter Include="Source Files">
      <UniqueIdentifier>{4FC737F1-C7A5-4376-A066-2A32D752A2FF}</UniqueIdentifier>
      <Extensions>cpp;c;cc;cxx;c++;cppm;ixx;def;odl;idl;hpj;bat;asm;asmx</Extensions>
    </Filter>
    <Filter Include="Header Files">
      <UniqueIdentifier>{93995380-89BD-4b04-88EB-625FBE52EBFB}</UniqueIdentifier>
      <Extensions>h;hh;hpp;hxx;h++;hm;inl;inc;ipp;xsd</Extensions>
    </Filter>
    <Filter Include="Resource Files">
      <UniqueIdentifier>{67DA6AB6-F800-4c08-8B7A-83BB121AAD01}</UniqueIdentifier>
      <Extensions>rc;ico;cur;bmp;dlg;rc2;rct;bin;rgs;gif;jpg;jpeg;jpe;resx;tiff;tif;png;wav;mfcribbon-ms</Extensions>
    </Filter>
    <Filter Include="Resource Files\Game">
      <UniqueIdentifier>{4728aee2-e898-4444-ba3a-658afd540e07}</UniqueIdentifier>
    </Filter>
    <Filter Include="Header Files\Game">
      <UniqueIdentifier>{1fd43df0-b65c-4096-a91c-ba6bf38d5205}</UniqueIdentifier>
    </Filter>
    <Filter Include="Header Files\Objects">
      <UniqueIdentifier>{7fcf4398-eadf-42a7-a222-4710ef932513}</UniqueIdentifier>
    </Filter>
    <Filter Include="Resource Files\Objects">
      <UniqueIdentifier>{a01efbe1-0913-4d24-b20f-a14fb34e168f}</UniqueIdentifier>
    </Filter>
  </ItemGroup>
  <ItemGroup>
    <ClCompile Include="src\main.cpp">
      <Filter>Resource Files</Filter>
    </ClCompile>
    <ClCompile Include="src\objects\player.cpp">
      <Filter>Resource Files\Objects</Filter>
    </ClCompile>
    <ClCompile Include="src\game\gameplay.cpp">
      <Filter>Resource Files\Game</Filter>
    </ClCompile>
    <ClCompile Include="src\objects\wall.cpp">
      <Filter>Resource Files\Objects</Filter>
    </ClCompile>
    <ClCompile Include="src\objects\buttons.cpp">
      <Filter>Resource Files\Objects</Filter>
    </ClCompile>
    <ClCompile Include="src\game\windowManagment.cpp">
      <Filter>Resource Files\Game</Filter>
    </ClCompile>
    <ClCompile Include="src\game\menu.cpp">
      <Filter>Resource Files\Game</Filter>
    </ClCompile>
    <ClCompile Include="src\game\credits.cpp">
      <Filter>Resource Files\Game</Filter>
    </ClCompile>
    <ClCompile Include="src\game\game.cpp">
      <Filter>Resource Files\Game</Filter>
    </ClCompile>
    <ClCompile Include="src\game\tutorial.cpp">
      <Filter>Resource Files\Game</Filter>
    </ClCompile>
  </ItemGroup>
  <ItemGroup>
    <ClInclude Include="src\objects\player.h">
      <Filter>Header Files\Objects</Filter>
    </ClInclude>
    <ClInclude Include="src\game\gameplay.h">
      <Filter>Header Files\Game</Filter>
    </ClInclude>
    <ClInclude Include="src\game\windowManagment.h">
      <Filter>Header Files\Game</Filter>
    </ClInclude>
    <ClInclude Include="src\objects\wall.h">
      <Filter>Header Files\Objects</Filter>
    </ClInclude>
    <ClInclude Include="src\objects\buttons.h">
      <Filter>Header Files\Objects</Filter>
    </ClInclude>
    <ClInclude Include="src\game\menu.h">
      <Filter>Header Files\Game</Filter>
    </ClInclude>
    <ClInclude Include="src\game\credits.h">
      <Filter>Header Files\Game</Filter>
    </ClInclude>
    <ClInclude Include="src\game\game.h">
      <Filter>Header Files</Filter>
    </ClInclude>
    <ClInclude Include="src\game\tutorial.h">
      <Filter>Header Files\Game</Filter>
    </ClInclude>
  </ItemGroup>
</Project>